
Microsoft Visual Studio Solution File, Format Version 12.00
# Visual Studio Version 17
VisualStudioVersion = 17.14.36212.18
MinimumVisualStudioVersion = 10.0.40219.1
Project("{2150E333-8FDC-42A3-9474-1A3956D46DE8}") = "src", "src", "{6C83A596-D32D-B35F-00DD-F0C99B673980}"
EndProject
Project("{2150E333-8FDC-42A3-9474-1A3956D46DE8}") = "test", "test", "{44E370D6-A77D-43D1-A7AD-B2C0C70591A2}"
EndProject
Project("{9A19103F-16F7-4668-BE54-9A1E7A4F7556}") = "UIConsole", "src\UIConsole\UIConsole.csproj", "{49DD4545-36D7-4B0D-A749-B709515293D6}"
EndProject
Project("{9A19103F-16F7-4668-BE54-9A1E7A4F7556}") = "Domain", "Domain\Domain.csproj", "{0FBC2032-D4EA-4DCD-944B-0C0A36C9AC22}"
EndProject
Project("{9A19103F-16F7-4668-BE54-9A1E7A4F7556}") = "Application", "Application\Application.csproj", "{B192BC29-55B3-474F-B568-819B95DCC923}"
EndProject
Project("{9A19103F-16F7-4668-BE54-9A1E7A4F7556}") = "Infrastructure", "Infrastructure\Infrastructure.csproj", "{962FD5A4-1837-40A2-9366-14E0CC224923}"
EndProject
Project("{9A19103F-16F7-4668-BE54-9A1E7A4F7556}") = "TestDomain", "TestDomain\TestDomain.csproj", "{8EB37C01-BE7F-4CF2-AC8C-9B37B8E0432F}"
EndProject
Project("{2150E333-8FDC-42A3-9474-1A3956D46DE8}") = "ApplicationTest", "ApplicationTest", "{E09DC9B3-593C-4AE7-96BE-DE98A781C9E3}"
EndProject
Project("{2150E333-8FDC-42A3-9474-1A3956D46DE8}") = "MapperTest", "MapperTest", "{AC261865-448A-44A5-B61E-1F510F7D8843}"
EndProject
Project("{2150E333-8FDC-42A3-9474-1A3956D46DE8}") = "UseCasesTest", "UseCasesTest", "{226B8388-CA8C-4D6A-AAA1-8FB821DA8720}"
EndProject
Project("{9A19103F-16F7-4668-BE54-9A1E7A4F7556}") = "UIWPFCattery", "UIWPFCattery\UIWPFCattery.csproj", "{299D199A-A3BE-4E74-9355-DF5ED658961A}"
EndProject
Project("{FAE04EC0-301F-11D3-BF4B-00C04F79EFBC}") = "MapperTest", "MapperTest\MapperTest.csproj", "{0D7EE474-1B52-4C87-8B79-93CA341676EC}"
EndProject
Global
	GlobalSection(SolutionConfigurationPlatforms) = preSolution
		Debug|Any CPU = Debug|Any CPU
		Release|Any CPU = Release|Any CPU
	EndGlobalSection
	GlobalSection(ProjectConfigurationPlatforms) = postSolution
		{49DD4545-36D7-4B0D-A749-B709515293D6}.Debug|Any CPU.ActiveCfg = Debug|Any CPU
		{49DD4545-36D7-4B0D-A749-B709515293D6}.Debug|Any CPU.Build.0 = Debug|Any CPU
		{49DD4545-36D7-4B0D-A749-B709515293D6}.Release|Any CPU.ActiveCfg = Release|Any CPU
		{49DD4545-36D7-4B0D-A749-B709515293D6}.Release|Any CPU.Build.0 = Release|Any CPU
		{0FBC2032-D4EA-4DCD-944B-0C0A36C9AC22}.Debug|Any CPU.ActiveCfg = Debug|Any CPU
		{0FBC2032-D4EA-4DCD-944B-0C0A36C9AC22}.Debug|Any CPU.Build.0 = Debug|Any CPU
		{0FBC2032-D4EA-4DCD-944B-0C0A36C9AC22}.Release|Any CPU.ActiveCfg = Release|Any CPU
		{0FBC2032-D4EA-4DCD-944B-0C0A36C9AC22}.Release|Any CPU.Build.0 = Release|Any CPU
		{B192BC29-55B3-474F-B568-819B95DCC923}.Debug|Any CPU.ActiveCfg = Debug|Any CPU
		{B192BC29-55B3-474F-B568-819B95DCC923}.Debug|Any CPU.Build.0 = Debug|Any CPU
		{B192BC29-55B3-474F-B568-819B95DCC923}.Release|Any CPU.ActiveCfg = Release|Any CPU
		{B192BC29-55B3-474F-B568-819B95DCC923}.Release|Any CPU.Build.0 = Release|Any CPU
		{962FD5A4-1837-40A2-9366-14E0CC224923}.Debug|Any CPU.ActiveCfg = Debug|Any CPU
		{962FD5A4-1837-40A2-9366-14E0CC224923}.Debug|Any CPU.Build.0 = Debug|Any CPU
		{962FD5A4-1837-40A2-9366-14E0CC224923}.Release|Any CPU.ActiveCfg = Release|Any CPU
		{962FD5A4-1837-40A2-9366-14E0CC224923}.Release|Any CPU.Build.0 = Release|Any CPU
		{8EB37C01-BE7F-4CF2-AC8C-9B37B8E0432F}.Debug|Any CPU.ActiveCfg = Debug|Any CPU
		{8EB37C01-BE7F-4CF2-AC8C-9B37B8E0432F}.Debug|Any CPU.Build.0 = Debug|Any CPU
		{8EB37C01-BE7F-4CF2-AC8C-9B37B8E0432F}.Release|Any CPU.ActiveCfg = Release|Any CPU
		{8EB37C01-BE7F-4CF2-AC8C-9B37B8E0432F}.Release|Any CPU.Build.0 = Release|Any CPU
		{299D199A-A3BE-4E74-9355-DF5ED658961A}.Debug|Any CPU.ActiveCfg = Debug|Any CPU
		{299D199A-A3BE-4E74-9355-DF5ED658961A}.Debug|Any CPU.Build.0 = Debug|Any CPU
		{299D199A-A3BE-4E74-9355-DF5ED658961A}.Release|Any CPU.ActiveCfg = Release|Any CPU
		{299D199A-A3BE-4E74-9355-DF5ED658961A}.Release|Any CPU.Build.0 = Release|Any CPU
		{0D7EE474-1B52-4C87-8B79-93CA341676EC}.Debug|Any CPU.ActiveCfg = Debug|Any CPU
		{0D7EE474-1B52-4C87-8B79-93CA341676EC}.Debug|Any CPU.Build.0 = Debug|Any CPU
		{0D7EE474-1B52-4C87-8B79-93CA341676EC}.Release|Any CPU.ActiveCfg = Release|Any CPU
		{0D7EE474-1B52-4C87-8B79-93CA341676EC}.Release|Any CPU.Build.0 = Release|Any CPU
	EndGlobalSection
	GlobalSection(SolutionProperties) = preSolution
		HideSolutionNode = FALSE
	EndGlobalSection
	GlobalSection(NestedProjects) = preSolution
		{49DD4545-36D7-4B0D-A749-B709515293D6} = {6C83A596-D32D-B35F-00DD-F0C99B673980}
		{0FBC2032-D4EA-4DCD-944B-0C0A36C9AC22} = {6C83A596-D32D-B35F-00DD-F0C99B673980}
		{B192BC29-55B3-474F-B568-819B95DCC923} = {6C83A596-D32D-B35F-00DD-F0C99B673980}
		{962FD5A4-1837-40A2-9366-14E0CC224923} = {6C83A596-D32D-B35F-00DD-F0C99B673980}
		{8EB37C01-BE7F-4CF2-AC8C-9B37B8E0432F} = {44E370D6-A77D-43D1-A7AD-B2C0C70591A2}
		{E09DC9B3-593C-4AE7-96BE-DE98A781C9E3} = {44E370D6-A77D-43D1-A7AD-B2C0C70591A2}
		{AC261865-448A-44A5-B61E-1F510F7D8843} = {E09DC9B3-593C-4AE7-96BE-DE98A781C9E3}
		{226B8388-CA8C-4D6A-AAA1-8FB821DA8720} = {E09DC9B3-593C-4AE7-96BE-DE98A781C9E3}
		{299D199A-A3BE-4E74-9355-DF5ED658961A} = {6C83A596-D32D-B35F-00DD-F0C99B673980}
		{0D7EE474-1B52-4C87-8B79-93CA341676EC} = {AC261865-448A-44A5-B61E-1F510F7D8843}
	EndGlobalSection
	GlobalSection(ExtensibilityGlobals) = postSolution
		SolutionGuid = {063FE2D6-97F7-4E89-B2AE-DCAC65857D46}
	EndGlobalSection
EndGlobal
